{
  "name": "flash-loan-dydx",
  "version": "1.0.0",
  "lockfileVersion": 1,
  "requires": true,
  "dependencies": {
    "@babel/runtime": {
      "version": "7.17.7",
      "resolved": "https://registry.npmjs.org/@babel/runtime/-/runtime-7.17.7.tgz",
      "integrity": "sha512-L6rvG9GDxaLgFjg41K+5Yv9OMrU98sWe+Ykmc6FDJW/+vYZMhdOMKkISgzptMaERHvS2Y2lw9MDRm2gHhlQQoA==",
      "requires": {
        "regenerator-runtime": "^0.13.4"
      }
    },
    "@openzeppelin/contracts": {
      "version": "4.5.0",
      "resolved": "https://registry.npmjs.org/@openzeppelin/contracts/-/contracts-4.5.0.tgz",
      "integrity": "sha512-fdkzKPYMjrRiPK6K4y64e6GzULR7R7RwxSigHS8DDp7aWDeoReqsQI+cxHV1UuhAqX69L1lAaWDxenfP+xiqzA=="
    },
    "complex.js": {
      "version": "2.0.15",
      "resolved": "https://registry.npmjs.org/complex.js/-/complex.js-2.0.15.tgz",
      "integrity": "sha512-gDBvQU8IG139ZBQTSo2qvDFP+lANMGluM779csXOr6ny1NUtA3wkUnCFjlDNH/moAVfXtvClYt6G0zarFbtz5w=="
    },
    "decimal.js": {
      "version": "10.3.1",
      "resolved": "https://registry.npmjs.org/decimal.js/-/decimal.js-10.3.1.tgz",
      "integrity": "sha512-V0pfhfr8suzyPGOx3nmq4aHqabehUZn6Ch9kyFpV79TGDTWFmHqUqXdabR7QHqxzrYolF4+tVmJhUG4OURg5dQ=="
    },
    "escape-latex": {
      "version": "1.2.0",
      "resolved": "https://registry.npmjs.org/escape-latex/-/escape-latex-1.2.0.tgz",
      "integrity": "sha512-nV5aVWW1K0wEiUIEdZ4erkGGH8mDxGyxSeqPzRNtWP7ataw+/olFObw7hujFWlVjNsaDFw5VZ5NzVSIqRgfTiw=="
    },
    "fraction.js": {
      "version": "4.2.0",
      "resolved": "https://registry.npmjs.org/fraction.js/-/fraction.js-4.2.0.tgz",
      "integrity": "sha512-MhLuK+2gUcnZe8ZHlaaINnQLl0xRIGRfcGk2yl8xoQAfHrSsL3rYu6FCmBdkdbhc9EPlwyGHewaRsvwRMJtAlA=="
    },
    "javascript-natural-sort": {
      "version": "0.7.1",
      "resolved": "https://registry.npmjs.org/javascript-natural-sort/-/javascript-natural-sort-0.7.1.tgz",
      "integrity": "sha1-+eIwPUUH9tdDVac2ZNFED7Wg71k="
    },
    "mathjs": {
      "version": "9.5.2",
      "resolved": "https://registry.npmjs.org/mathjs/-/mathjs-9.5.2.tgz",
      "integrity": "sha512-c0erTq0GP503/Ch2OtDOAn50GIOsuxTMjmE00NI/vKJFSWrDaQHRjx6ai+16xYv70yBSnnpUgHZGNf9FR9IwmA==",
      "requires": {
        "@babel/runtime": "^7.15.4",
        "complex.js": "^2.0.15",
        "decimal.js": "^10.3.1",
        "escape-latex": "^1.2.0",
        "fraction.js": "^4.1.1",
        "javascript-natural-sort": "^0.7.1",
        "seedrandom": "^3.0.5",
        "tiny-emitter": "^2.1.0",
        "typed-function": "^2.0.0"
      }
    },
    "regenerator-runtime": {
      "version": "0.13.9",
      "resolved": "https://registry.npmjs.org/regenerator-runtime/-/regenerator-runtime-0.13.9.tgz",
      "integrity": "sha512-p3VT+cOEgxFsRRA9X4lkI1E+k2/CtnKtU4gcxyaCUreilL/vqI6CdZ3wxVUx3UOUg+gnUOQQcRI7BmSI656MYA=="
    },
    "seedrandom": {
      "version": "3.0.5",
      "resolved": "https://registry.npmjs.org/seedrandom/-/seedrandom-3.0.5.tgz",
      "integrity": "sha512-8OwmbklUNzwezjGInmZ+2clQmExQPvomqjL7LFqOYqtmuxRgQYqOD3mHaU+MvZn5FLUeVxVfQjwLZW/n/JFuqg=="
    },
    "tiny-emitter": {
      "version": "2.1.0",
      "resolved": "https://registry.npmjs.org/tiny-emitter/-/tiny-emitter-2.1.0.tgz",
      "integrity": "sha512-NB6Dk1A9xgQPMoGqC5CVXn123gWyte215ONT5Pp5a0yt4nlEoO1ZWeCwpncaekPHXO60i47ihFnZPiRPjRMq4Q=="
    },
    "typed-function": {
      "version": "2.1.0",
      "resolved": "https://registry.npmjs.org/typed-function/-/typed-function-2.1.0.tgz",
      "integrity": "sha512-bctQIOqx2iVbWGDGPWwIm18QScpu2XRmkC19D8rQGFsjKSgteq/o1hTZvIG/wuDq8fanpBDrLkLq+aEN/6y5XQ=="
    }
  }
}
